<Solution>
  <Configurations>
    <Platform Name="ARM64" />
    <Platform Name="x64" />
  </Configurations>
  <Project Path="file/file.vcxproj">
    <Deploy />
  </Project>
  <Project Path="process/ObCallbackTest.vcxproj" Id="850e3104-6de2-4fa3-8e53-4ca21a230429">
    <Deploy />
  </Project>
</Solution>
